
Microsoft Visual Studio Solution File, Format Version 12.00
# Visual Studio Version 17
VisualStudioVersion = 17.11.35303.130
MinimumVisualStudioVersion = 10.0.40219.1
Project("{FAE04EC0-301F-11D3-BF4B-00C04F79EFBC}") = "Lab2_23520231_23520249", "Lab2_23520231_23520249\Lab2_23520231_23520249.csproj", "{78FD7968-5311-4599-B1E3-204DE8C9E4B9}"
EndProject
Global
	GlobalSection(SolutionConfigurationPlatforms) = preSolution
		Debug|Any CPU = Debug|Any CPU
		Release|Any CPU = Release|Any CPU
	EndGlobalSection
	GlobalSection(ProjectConfigurationPlatforms) = postSolution
		{78FD7968-5311-4599-B1E3-204DE8C9E4B9}.Debug|Any CPU.ActiveCfg = Debug|Any CPU
		{78FD7968-5311-4599-B1E3-204DE8C9E4B9}.Debug|Any CPU.Build.0 = Debug|Any CPU
		{78FD7968-5311-4599-B1E3-204DE8C9E4B9}.Release|Any CPU.ActiveCfg = Release|Any CPU
		{78FD7968-5311-4599-B1E3-204DE8C9E4B9}.Release|Any CPU.Build.0 = Release|Any CPU
	EndGlobalSection
	GlobalSection(SolutionProperties) = preSolution
		HideSolutionNode = FALSE
	EndGlobalSection
	GlobalSection(ExtensibilityGlobals) = postSolution
		SolutionGuid = {73BF595D-2818-4C13-B85F-D382036461DF}
	EndGlobalSection
EndGlobal
