
Microsoft Visual Studio Solution File, Format Version 12.00
# Visual Studio Version 17
VisualStudioVersion = 17.11.35312.102
MinimumVisualStudioVersion = 10.0.40219.1
Project("{FAE04EC0-301F-11D3-BF4B-00C04F79EFBC}") = "UDPSocket", "UDPSocket\UDPSocket.csproj", "{C5C088E5-4F7E-4652-85A2-DEA2BEB1CB6F}"
EndProject
Project("{FAE04EC0-301F-11D3-BF4B-00C04F79EFBC}") = "Client", "Client\Client.csproj", "{6FAD35DB-24EE-41C3-9C78-90A49FF10D00}"
EndProject
Global
	GlobalSection(SolutionConfigurationPlatforms) = preSolution
		Debug|Any CPU = Debug|Any CPU
		Release|Any CPU = Release|Any CPU
	EndGlobalSection
	GlobalSection(ProjectConfigurationPlatforms) = postSolution
		{C5C088E5-4F7E-4652-85A2-DEA2BEB1CB6F}.Debug|Any CPU.ActiveCfg = Debug|Any CPU
		{C5C088E5-4F7E-4652-85A2-DEA2BEB1CB6F}.Debug|Any CPU.Build.0 = Debug|Any CPU
		{C5C088E5-4F7E-4652-85A2-DEA2BEB1CB6F}.Release|Any CPU.ActiveCfg = Release|Any CPU
		{C5C088E5-4F7E-4652-85A2-DEA2BEB1CB6F}.Release|Any CPU.Build.0 = Release|Any CPU
		{6FAD35DB-24EE-41C3-9C78-90A49FF10D00}.Debug|Any CPU.ActiveCfg = Debug|Any CPU
		{6FAD35DB-24EE-41C3-9C78-90A49FF10D00}.Debug|Any CPU.Build.0 = Debug|Any CPU
		{6FAD35DB-24EE-41C3-9C78-90A49FF10D00}.Release|Any CPU.ActiveCfg = Release|Any CPU
		{6FAD35DB-24EE-41C3-9C78-90A49FF10D00}.Release|Any CPU.Build.0 = Release|Any CPU
	EndGlobalSection
	GlobalSection(SolutionProperties) = preSolution
		HideSolutionNode = FALSE
	EndGlobalSection
	GlobalSection(ExtensibilityGlobals) = postSolution
		SolutionGuid = {760C5D9A-7787-437E-B862-1B83440A2906}
	EndGlobalSection
EndGlobal
