
Microsoft Visual Studio Solution File, Format Version 12.00
# Visual Studio Version 17
VisualStudioVersion = 17.11.35312.102
MinimumVisualStudioVersion = 10.0.40219.1
Project("{FAE04EC0-301F-11D3-BF4B-00C04F79EFBC}") = "WebAPI_WeatherForecast", "WebAPI_WeatherForecast\WebAPI_WeatherForecast.csproj", "{CE89FC0B-26C1-41E9-A61D-1E749F2030C0}"
EndProject
Global
	GlobalSection(SolutionConfigurationPlatforms) = preSolution
		Debug|Any CPU = Debug|Any CPU
		Release|Any CPU = Release|Any CPU
	EndGlobalSection
	GlobalSection(ProjectConfigurationPlatforms) = postSolution
		{CE89FC0B-26C1-41E9-A61D-1E749F2030C0}.Debug|Any CPU.ActiveCfg = Debug|Any CPU
		{CE89FC0B-26C1-41E9-A61D-1E749F2030C0}.Debug|Any CPU.Build.0 = Debug|Any CPU
		{CE89FC0B-26C1-41E9-A61D-1E749F2030C0}.Release|Any CPU.ActiveCfg = Release|Any CPU
		{CE89FC0B-26C1-41E9-A61D-1E749F2030C0}.Release|Any CPU.Build.0 = Release|Any CPU
	EndGlobalSection
	GlobalSection(SolutionProperties) = preSolution
		HideSolutionNode = FALSE
	EndGlobalSection
	GlobalSection(ExtensibilityGlobals) = postSolution
		SolutionGuid = {9F477FEE-3E3F-440C-A640-6FD8C832C5EF}
	EndGlobalSection
EndGlobal
