
Microsoft Visual Studio Solution File, Format Version 12.00
# Visual Studio Version 17
VisualStudioVersion = 17.11.35327.3
MinimumVisualStudioVersion = 10.0.40219.1
Project("{9A19103F-16F7-4668-BE54-9A1E7A4F7556}") = "Lab4_23520231_23520249", "Lab4_23520231_23520249\Lab4_23520231_23520249.csproj", "{1B10927B-E72C-4BDA-BA07-2D752ADA6361}"
EndProject
Project("{2150E333-8FDC-42A3-9474-1A3956D46DE8}") = "Solution Items", "Solution Items", "{8C6D007F-2C33-407A-98F7-F0453B84BD3A}"
EndProject
Global
	GlobalSection(SolutionConfigurationPlatforms) = preSolution
		Debug|Any CPU = Debug|Any CPU
		Release|Any CPU = Release|Any CPU
	EndGlobalSection
	GlobalSection(ProjectConfigurationPlatforms) = postSolution
		{1B10927B-E72C-4BDA-BA07-2D752ADA6361}.Debug|Any CPU.ActiveCfg = Debug|Any CPU
		{1B10927B-E72C-4BDA-BA07-2D752ADA6361}.Debug|Any CPU.Build.0 = Debug|Any CPU
		{1B10927B-E72C-4BDA-BA07-2D752ADA6361}.Release|Any CPU.ActiveCfg = Release|Any CPU
		{1B10927B-E72C-4BDA-BA07-2D752ADA6361}.Release|Any CPU.Build.0 = Release|Any CPU
	EndGlobalSection
	GlobalSection(SolutionProperties) = preSolution
		HideSolutionNode = FALSE
	EndGlobalSection
	GlobalSection(ExtensibilityGlobals) = postSolution
		SolutionGuid = {05A0D314-12F5-412C-83CC-AD064C2E93C1}
	EndGlobalSection
EndGlobal
