
Microsoft Visual Studio Solution File, Format Version 12.00
# Visual Studio Version 17
VisualStudioVersion = 17.11.35327.3
MinimumVisualStudioVersion = 10.0.40219.1
Project("{FAE04EC0-301F-11D3-BF4B-00C04F79EFBC}") = "ServerExplodingKitten", "ServerExplodingKitten\ServerExplodingKitten.csproj", "{25C04E6F-1BE3-4932-8E24-378FC2AB5C7B}"
EndProject
Global
	GlobalSection(SolutionConfigurationPlatforms) = preSolution
		Debug|Any CPU = Debug|Any CPU
		Release|Any CPU = Release|Any CPU
	EndGlobalSection
	GlobalSection(ProjectConfigurationPlatforms) = postSolution
		{25C04E6F-1BE3-4932-8E24-378FC2AB5C7B}.Debug|Any CPU.ActiveCfg = Debug|Any CPU
		{25C04E6F-1BE3-4932-8E24-378FC2AB5C7B}.Debug|Any CPU.Build.0 = Debug|Any CPU
		{25C04E6F-1BE3-4932-8E24-378FC2AB5C7B}.Release|Any CPU.ActiveCfg = Release|Any CPU
		{25C04E6F-1BE3-4932-8E24-378FC2AB5C7B}.Release|Any CPU.Build.0 = Release|Any CPU
	EndGlobalSection
	GlobalSection(SolutionProperties) = preSolution
		HideSolutionNode = FALSE
	EndGlobalSection
	GlobalSection(ExtensibilityGlobals) = postSolution
		SolutionGuid = {B34276BF-5952-440F-8DEF-9F83A5A252FF}
	EndGlobalSection
EndGlobal
