
Microsoft Visual Studio Solution File, Format Version 12.00
# Visual Studio Version 17
VisualStudioVersion = 17.11.35303.130
MinimumVisualStudioVersion = 10.0.40219.1
Project("{FAE04EC0-301F-11D3-BF4B-00C04F79EFBC}") = "MultiFileReader", "MultiFileReader\MultiFileReader.csproj", "{316C74BC-A0A4-4032-B7AE-3BDCC86FC5E8}"
EndProject
Global
	GlobalSection(SolutionConfigurationPlatforms) = preSolution
		Debug|Any CPU = Debug|Any CPU
		Release|Any CPU = Release|Any CPU
	EndGlobalSection
	GlobalSection(ProjectConfigurationPlatforms) = postSolution
		{316C74BC-A0A4-4032-B7AE-3BDCC86FC5E8}.Debug|Any CPU.ActiveCfg = Debug|Any CPU
		{316C74BC-A0A4-4032-B7AE-3BDCC86FC5E8}.Debug|Any CPU.Build.0 = Debug|Any CPU
		{316C74BC-A0A4-4032-B7AE-3BDCC86FC5E8}.Release|Any CPU.ActiveCfg = Release|Any CPU
		{316C74BC-A0A4-4032-B7AE-3BDCC86FC5E8}.Release|Any CPU.Build.0 = Release|Any CPU
	EndGlobalSection
	GlobalSection(SolutionProperties) = preSolution
		HideSolutionNode = FALSE
	EndGlobalSection
	GlobalSection(ExtensibilityGlobals) = postSolution
		SolutionGuid = {5CA7D640-F7A6-4A1B-A696-F25C74158147}
	EndGlobalSection
EndGlobal
