
Microsoft Visual Studio Solution File, Format Version 12.00
# Visual Studio Version 17
VisualStudioVersion = 17.11.35312.102
MinimumVisualStudioVersion = 10.0.40219.1
Project("{FAE04EC0-301F-11D3-BF4B-00C04F79EFBC}") = "LAB3", "LAB3\LAB3.csproj", "{749D42BD-54C3-4D2A-9F17-76F1DE68B94B}"
EndProject
Global
	GlobalSection(SolutionConfigurationPlatforms) = preSolution
		Debug|Any CPU = Debug|Any CPU
		Release|Any CPU = Release|Any CPU
	EndGlobalSection
	GlobalSection(ProjectConfigurationPlatforms) = postSolution
		{749D42BD-54C3-4D2A-9F17-76F1DE68B94B}.Debug|Any CPU.ActiveCfg = Debug|Any CPU
		{749D42BD-54C3-4D2A-9F17-76F1DE68B94B}.Debug|Any CPU.Build.0 = Debug|Any CPU
		{749D42BD-54C3-4D2A-9F17-76F1DE68B94B}.Release|Any CPU.ActiveCfg = Release|Any CPU
		{749D42BD-54C3-4D2A-9F17-76F1DE68B94B}.Release|Any CPU.Build.0 = Release|Any CPU
	EndGlobalSection
	GlobalSection(SolutionProperties) = preSolution
		HideSolutionNode = FALSE
	EndGlobalSection
	GlobalSection(ExtensibilityGlobals) = postSolution
		SolutionGuid = {EFFEDCE9-71A5-4F62-B9FB-C8D27C238BF4}
	EndGlobalSection
EndGlobal
