
Microsoft Visual Studio Solution File, Format Version 12.00
# Visual Studio Version 17
VisualStudioVersion = 17.11.35327.3
MinimumVisualStudioVersion = 10.0.40219.1
Project("{FAE04EC0-301F-11D3-BF4B-00C04F79EFBC}") = "NewServer", "NewServer\NewServer.csproj", "{DAE4C4ED-7BCC-4849-A570-ADB9FC4F498A}"
EndProject
Global
	GlobalSection(SolutionConfigurationPlatforms) = preSolution
		Debug|Any CPU = Debug|Any CPU
		Release|Any CPU = Release|Any CPU
	EndGlobalSection
	GlobalSection(ProjectConfigurationPlatforms) = postSolution
		{DAE4C4ED-7BCC-4849-A570-ADB9FC4F498A}.Debug|Any CPU.ActiveCfg = Debug|Any CPU
		{DAE4C4ED-7BCC-4849-A570-ADB9FC4F498A}.Debug|Any CPU.Build.0 = Debug|Any CPU
		{DAE4C4ED-7BCC-4849-A570-ADB9FC4F498A}.Release|Any CPU.ActiveCfg = Release|Any CPU
		{DAE4C4ED-7BCC-4849-A570-ADB9FC4F498A}.Release|Any CPU.Build.0 = Release|Any CPU
	EndGlobalSection
	GlobalSection(SolutionProperties) = preSolution
		HideSolutionNode = FALSE
	EndGlobalSection
	GlobalSection(ExtensibilityGlobals) = postSolution
		SolutionGuid = {823531E8-AEC2-466A-A26E-2BB8E6E6AAE3}
	EndGlobalSection
EndGlobal
